// !$*UTF8*$!
{
	archiveVersion = 1;
	classes = {
	};
	objectVersion = 46;
	objects = {

/* Begin PBXBuildFile section */
		23006D381DCF9F5700AD0CA4 /* main.m in Sources */ = {isa = PBXBuildFile; fileRef = 23006D371DCF9F5700AD0CA4 /* main.m */; };
		23006D3B1DCF9F5700AD0CA4 /* AppDelegate.m in Sources */ = {isa = PBXBuildFile; fileRef = 23006D3A1DCF9F5700AD0CA4 /* AppDelegate.m */; };
		23006D431DCF9F5700AD0CA4 /* Assets.xcassets in Resources */ = {isa = PBXBuildFile; fileRef = 23006D421DCF9F5700AD0CA4 /* Assets.xcassets */; };
		234BA63D1DCFA00A00FAA0BB /* FYTabBarController.m in Sources */ = {isa = PBXBuildFile; fileRef = 234BA63C1DCFA00A00FAA0BB /* FYTabBarController.m */; };
/* End PBXBuildFile section */

/* Begin PBXFileReference section */
		23006D331DCF9F5700AD0CA4 /* Weibo.app */ = {isa = PBXFileReference; explicitFileType = wrapper.application; includeInIndex = 0; path = Weibo.app; sourceTree = BUILT_PRODUCTS_DIR; };
		23006D371DCF9F5700AD0CA4 /* main.m */ = {isa = PBXFileReference; lastKnownFileType = sourcecode.c.objc; path = main.m; sourceTree = "<group>"; };
		23006D391DCF9F5700AD0CA4 /* AppDelegate.h */ = {isa = PBXFileReference; lastKnownFileType = sourcecode.c.h; path = AppDelegate.h; sourceTree = "<group>"; };
		23006D3A1DCF9F5700AD0CA4 /* AppDelegate.m */ = {isa = PBXFileReference; lastKnownFileType = sourcecode.c.objc; path = AppDelegate.m; sourceTree = "<group>"; };
		23006D421DCF9F5700AD0CA4 /* Assets.xcassets */ = {isa = PBXFileReference; lastKnownFileType = folder.assetcatalog; path = Assets.xcassets; sourceTree = "<group>"; };
		23006D471DCF9F5700AD0CA4 /* Info.plist */ = {isa = PBXFileReference; lastKnownFileType = text.plist.xml; path = Info.plist; sourceTree = "<group>"; };
		234BA63B1DCFA00A00FAA0BB /* FYTabBarController.h */ = {isa = PBXFileReference; fileEncoding = 4; lastKnownFileType = sourcecode.c.h; name = FYTabBarController.h; path = ../../../111/111/FYTabBarController.h; sourceTree = "<group>"; };
		234BA63C1DCFA00A00FAA0BB /* FYTabBarController.m */ = {isa = PBXFileReference; fileEncoding = 4; lastKnownFileType = sourcecode.c.objc; name = FYTabBarController.m; path = ../../../111/111/FYTabBarController.m; sourceTree = "<group>"; };
/* End PBXFileReference section */

/* Begin PBXFrameworksBuildPhase section */
		23006D301DCF9F5700AD0CA4 /* Frameworks */ = {
			isa = PBXFrameworksBuildPhase;
			buildActionMask = 2147483647;
			files = (
			);
			runOnlyForDeploymentPostprocessing = 0;
		};
/* End PBXFrameworksBuildPhase section */

/* Begin PBXGroup section */
		23006D2A1DCF9F5700AD0CA4 = {
			isa = PBXGroup;
			children = (
				23006D351DCF9F5700AD0CA4 /* Weibo */,
				23006D341DCF9F5700AD0CA4 /* Products */,
			);
			sourceTree = "<group>";
		};
		23006D341DCF9F5700AD0CA4 /* Products */ = {
			isa = PBXGroup;
			children = (
				23006D331DCF9F5700AD0CA4 /* Weibo.app */,
			);
			name = Products;
			sourceTree = "<group>";
		};
		23006D351DCF9F5700AD0CA4 /* Weibo */ = {
			isa = PBXGroup;
			children = (
				23006D391DCF9F5700AD0CA4 /* AppDelegate.h */,
				23006D3A1DCF9F5700AD0CA4 /* AppDelegate.m */,
				234BA63B1DCFA00A00FAA0BB /* FYTabBarController.h */,
				234BA63C1DCFA00A00FAA0BB /* FYTabBarController.m */,
				23006D421DCF9F5700AD0CA4 /* Assets.xcassets */,
				23006D471DCF9F5700AD0CA4 /* Info.plist */,
				23006D361DCF9F5700AD0CA4 /* Supporting Files */,
			);
			path = Weibo;
			sourceTree = "<group>";
		};
		23006D361DCF9F5700AD0CA4 /* Supporting Files */ = {
			isa = PBXGroup;
			children = (
				23006D371DCF9F5700AD0CA4 /* main.m */,
			);
			name = "Supporting Files";
			sourceTree = "<group>";
		};
/* End PBXGroup section */

/* Begin PBXNativeTarget section */
		23006D321DCF9F5700AD0CA4 /* Weibo */ = {
			isa = PBXNativeTarget;
			buildConfigurationList = 23006D4A1DCF9F5700AD0CA4 /* Build configuration list for PBXNativeTarget "Weibo" */;
			buildPhases = (
				23006D2F1DCF9F5700AD0CA4 /* Sources */,
				23006D301DCF9F5700AD0CA4 /* Frameworks */,
				23006D311DCF9F5700AD0CA4 /* Resources */,
			);
			buildRules = (
			);
			dependencies = (
			);
			name = Weibo;
			productName = Weibo;
			productReference = 23006D331DCF9F5700AD0CA4 /* Weibo.app */;
			productType = "com.apple.product-type.application";
		};
/* End PBXNativeTarget section */

/* Begin PBXProject section */
		23006D2B1DCF9F5700AD0CA4 /* Project object */ = {
			isa = PBXProject;
			attributes = {
				LastUpgradeCheck = 0720;
				ORGANIZATIONNAME = "冯毅";
				TargetAttributes = {
					23006D321DCF9F5700AD0CA4 = {
						CreatedOnToolsVersion = 7.2;
						DevelopmentTeam = 664PVZ5LXM;
					};
				};
			};
			buildConfigurationList = 23006D2E1DCF9F5700AD0CA4 /* Build configuration list for PBXProject "Weibo" */;
			compatibilityVersion = "Xcode 3.2";
			developmentRegion = English;
			hasScannedForEncodings = 0;
			knownRegions = (
				en,
				Base,
			);
			mainGroup = 23006D2A1DCF9F5700AD0CA4;
			productRefGroup = 23006D341DCF9F5700AD0CA4 /* Products */;
			projectDirPath = "";
			projectRoot = "";
			targets = (
				23006D321DCF9F5700AD0CA4 /* Weibo */,
			);
		};
/* End PBXProject section */

/* Begin PBXResourcesBuildPhase section */
		23006D311DCF9F5700AD0CA4 /* Resources */ = {
			isa = PBXResourcesBuildPhase;
			buildActionMask = 2147483647;
			files = (
				23006D431DCF9F5700AD0CA4 /* Assets.xcassets in Resources */,
			);
			runOnlyForDeploymentPostprocessing = 0;
		};
/* End PBXResourcesBuildPhase section */

/* Begin PBXSourcesBuildPhase section */
		23006D2F1DCF9F5700AD0CA4 /* Sources */ = {
			isa = PBXSourcesBuildPhase;
			buildActionMask = 2147483647;
			files = (
				23006D3B1DCF9F5700AD0CA4 /* AppDelegate.m in Sources */,
				23006D381DCF9F5700AD0CA4 /* main.m in Sources */,
				234BA63D1DCFA00A00FAA0BB /* FYTabBarController.m in Sources */,
			);
			runOnlyForDeploymentPostprocessing = 0;
		};
/* End PBXSourcesBuildPhase section */

/* Begin XCBuildConfiguration section */
		23006D481DCF9F5700AD0CA4 /* Debug */ = {
			isa = XCBuildConfiguration;
			buildSettings = {
				ALWAYS_SEARCH_USER_PATHS = NO;
				CLANG_CXX_LANGUAGE_STANDARD = "gnu++0x";
				CLANG_CXX_LIBRARY = "libc++";
				CLANG_ENABLE_MODULES = YES;
				CLANG_ENABLE_OBJC_ARC = YES;
				CLANG_WARN_BOOL_CONVERSION = YES;
				CLANG_WARN_CONSTANT_CONVERSION = YES;
				CLANG_WARN_DIRECT_OBJC_ISA_USAGE = YES_ERROR;
				CLANG_WARN_EMPTY_BODY = YES;
				CLANG_WARN_ENUM_CONVERSION = YES;
				CLANG_WARN_INT_CONVERSION = YES;
				CLANG_WARN_OBJC_ROOT_CLASS = YES_ERROR;
				CLANG_WARN_UNREACHABLE_CODE = YES;
				CLANG_WARN__DUPLICATE_METHOD_MATCH = YES;
				"CODE_SIGN_IDENTITY[sdk=iphoneos*]" = "iPhone Developer";
				COPY_PHASE_STRIP = NO;
				DEBUG_INFORMATION_FORMAT = dwarf;
				ENABLE_STRICT_OBJC_MSGSEND = YES;
				ENABLE_TESTABILITY = YES;
				GCC_C_LANGUAGE_STANDARD = gnu99;
				GCC_DYNAMIC_NO_PIC = NO;
				GCC_NO_COMMON_BLOCKS = YES;
				GCC_OPTIMIZATION_LEVEL = 0;
				GCC_PREPROCESSOR_DEFINITIONS = (
					"DEBUG=1",
					"$(inherited)",
				);
				GCC_WARN_64_TO_32_BIT_CONVERSION = YES;
				GCC_WARN_ABOUT_RETURN_TYPE = YES_ERROR;
				GCC_WARN_UNDECLARED_SELECTOR = YES;
				GCC_WARN_UNINITIALIZED_AUTOS = YES_AGGRESSIVE;
				GCC_WARN_UNUSED_FUNCTION = YES;
				GCC_WARN_UNUSED_VARIABLE = YES;
				IPHONEOS_DEPLOYMENT_TARGET = 9.2;
				MTL_ENABLE_DEBUG_INFO = YES;
				ONLY_ACTIVE_ARCH = YES;
				SDKROOT = iphoneos;
			};
			name = Debug;
		};
		23006D491DCF9F5700AD0CA4 /* Release */ = {
			isa = XCBuildConfiguration;
			buildSettings = {
				ALWAYS_SEARCH_USER_PATHS = NO;
				CLANG_CXX_LANGUAGE_STANDARD = "gnu++0x";
				CLANG_CXX_LIBRARY = "libc++";
				CLANG_ENABLE_MODULES = YES;
				CLANG_ENABLE_OBJC_ARC = YES;
				CLANG_WARN_BOOL_CONVERSION = YES;
				CLANG_WARN_CONSTANT_CONVERSION = YES;
				CLANG_WARN_DIRECT_OBJC_ISA_USAGE = YES_ERROR;
				CLANG_WARN_EMPTY_BODY = YES;
				CLANG_WARN_ENUM_CONVERSION = YES;
				CLANG_WARN_INT_CONVERSION = YES;
				CLANG_WARN_OBJC_ROOT_CLASS = YES_ERROR;
				CLANG_WARN_UNREACHABLE_CODE = YES;
				CLANG_WARN__DUPLICATE_METHOD_MATCH = YES;
				"CODE_SIGN_IDENTITY[sdk=iphoneos*]" = "iPhone Developer";
				COPY_PHASE_STRIP = NO;
				DEBUG_INFORMATION_FORMAT = "dwarf-with-dsym";
				ENABLE_NS_ASSERTIONS = NO;
				ENABLE_STRICT_OBJC_MSGSEND = YES;
				GCC_C_LANGUAGE_STANDARD = gnu99;
				GCC_NO_COMMON_BLOCKS = YES;
				GCC_WARN_64_TO_32_BIT_CONVERSION = YES;
				GCC_WARN_ABOUT_RETURN_TYPE = YES_ERROR;
				GCC_WARN_UNDECLARED_SELECTOR = YES;
				GCC_WARN_UNINITIALIZED_AUTOS = YES_AGGRESSIVE;
				GCC_WARN_UNUSED_FUNCTION = YES;
				GCC_WARN_UNUSED_VARIABLE = YES;
				IPHONEOS_DEPLOYMENT_TARGET = 9.2;
				MTL_ENABLE_DEBUG_INFO = NO;
				SDKROOT = iphoneos;
				VALIDATE_PRODUCT = YES;
			};
			name = Release;
		};
		23006D4B1DCF9F5700AD0CA4 /* Debug */ = {
			isa = XCBuildConfiguration;
			buildSettings = {
				ASSETCATALOG_COMPILER_APPICON_NAME = AppIcon;
				ASSETCATALOG_COMPILER_LAUNCHIMAGE_NAME = "Brand Assets";
				INFOPLIST_FILE = Weibo/Info.plist;
				LD_RUNPATH_SEARCH_PATHS = "$(inherited) @executable_path/Frameworks";
				PRODUCT_BUNDLE_IDENTIFIER = cn.fengyi.Weibo;
				PRODUCT_NAME = "$(TARGET_NAME)";
			};
			name = Debug;
		};
		23006D4C1DCF9F5700AD0CA4 /* Release */ = {
			isa = XCBuildConfiguration;
			buildSettings = {
				ASSETCATALOG_COMPILER_APPICON_NAME = AppIcon;
				ASSETCATALOG_COMPILER_LAUNCHIMAGE_NAME = "Brand Assets";
				INFOPLIST_FILE = Weibo/Info.plist;
				LD_RUNPATH_SEARCH_PATHS = "$(inherited) @executable_path/Frameworks";
				PRODUCT_BUNDLE_IDENTIFIER = cn.fengyi.Weibo;
				PRODUCT_NAME = "$(TARGET_NAME)";
			};
			name = Release;
		};
/* End XCBuildConfiguration section */

/* Begin XCConfigurationList section */
		23006D2E1DCF9F5700AD0CA4 /* Build configuration list for PBXProject "Weibo" */ = {
			isa = XCConfigurationList;
			buildConfigurations = (
				23006D481DCF9F5700AD0CA4 /* Debug */,
				23006D491DCF9F5700AD0CA4 /* Release */,
			);
			defaultConfigurationIsVisible = 0;
			defaultConfigurationName = Release;
		};
		23006D4A1DCF9F5700AD0CA4 /* Build configuration list for PBXNativeTarget "Weibo" */ = {
			isa = XCConfigurationList;
			buildConfigurations = (
				23006D4B1DCF9F5700AD0CA4 /* Debug */,
				23006D4C1DCF9F5700AD0CA4 /* Release */,
			);
			defaultConfigurationIsVisible = 0;
			defaultConfigurationName = Release;
		};
/* End XCConfigurationList section */
	};
	rootObject = 23006D2B1DCF9F5700AD0CA4 /* Project object */;
}
